
Microsoft Visual Studio Solution File, Format Version 12.00
# Visual Studio Version 16
VisualStudioVersion = 16.0.35731.53
MinimumVisualStudioVersion = 10.0.40219.1
Project("{9A19103F-16F7-4668-BE54-9A1E7A4F7556}") = "Api", "Api.csproj", "{7C645073-040A-4683-86CE-60AE25ECA33A}"
EndProject
Global
	GlobalSection(SolutionConfigurationPlatforms) = preSolution
		Debug|Any CPU = Debug|Any CPU
		Release|Any CPU = Release|Any CPU
	EndGlobalSection
	GlobalSection(ProjectConfigurationPlatforms) = postSolution
		{7C645073-040A-4683-86CE-60AE25ECA33A}.Debug|Any CPU.ActiveCfg = Debug|Any CPU
		{7C645073-040A-4683-86CE-60AE25ECA33A}.Debug|Any CPU.Build.0 = Debug|Any CPU
		{7C645073-040A-4683-86CE-60AE25ECA33A}.Release|Any CPU.ActiveCfg = Release|Any CPU
		{7C645073-040A-4683-86CE-60AE25ECA33A}.Release|Any CPU.Build.0 = Release|Any CPU
	EndGlobalSection
	GlobalSection(SolutionProperties) = preSolution
		HideSolutionNode = FALSE
	EndGlobalSection
	GlobalSection(ExtensibilityGlobals) = postSolution
		SolutionGuid = {5C6BD8E5-3BF2-4263-80FD-49CEA3C292EC}
	EndGlobalSection
EndGlobal
